
Microsoft Visual Studio Solution File, Format Version 12.00
# Visual Studio Version 17
VisualStudioVersion = 17.13.35806.99
MinimumVisualStudioVersion = 10.0.40219.1
Project("{FAE04EC0-301F-11D3-BF4B-00C04F79EFBC}") = "FirstApp", "FirstApp\FirstApp.csproj", "{1EAB3F9A-C55B-4C3A-B4D5-AF80D6CE2D62}"
EndProject
Project("{FAE04EC0-301F-11D3-BF4B-00C04F79EFBC}") = "Middleware", "Middleware\Middleware.csproj", "{29E580CD-E096-41B1-AEAC-DC3342B0739E}"
EndProject
Project("{FAE04EC0-301F-11D3-BF4B-00C04F79EFBC}") = "MinimalAPI", "MinimalAPI\MinimalAPI.csproj", "{EF663DE3-4D2A-4FD1-B674-1F0D4331E007}"
EndProject
Project("{FAE04EC0-301F-11D3-BF4B-00C04F79EFBC}") = "SimpleCRUD", "SimpleCRUD\SimpleCRUD.csproj", "{7770F319-FA84-4338-AD49-813A1A67CDD7}"
EndProject
Project("{FAE04EC0-301F-11D3-BF4B-00C04F79EFBC}") = "EndpointRouting", "EndpointRouting\EndpointRouting.csproj", "{8259BDEB-962C-492D-9C0B-43E5454B4A2E}"
EndProject
Project("{FAE04EC0-301F-11D3-BF4B-00C04F79EFBC}") = "ModelBinding", "ModelBinding\ModelBinding.csproj", "{0E3C167C-5325-4D52-938D-91BA8F9C4EF2}"
EndProject
Project("{FAE04EC0-301F-11D3-BF4B-00C04F79EFBC}") = "DependencyInjection", "DependencyInjection\DependencyInjection.csproj", "{74C1CE4C-8A40-41A7-A59E-66BBC8C4CB13}"
EndProject
Project("{FAE04EC0-301F-11D3-BF4B-00C04F79EFBC}") = "Configuration", "Configuration\Configuration.csproj", "{09D86510-460D-41F5-AC34-D75A3BFC8BD6}"
EndProject
Project("{FAE04EC0-301F-11D3-BF4B-00C04F79EFBC}") = "OpenAPI", "OpenAPI\OpenAPI.csproj", "{298371EB-4352-4CF1-A778-E97996B5E022}"
EndProject
Global
	GlobalSection(SolutionConfigurationPlatforms) = preSolution
		Debug|Any CPU = Debug|Any CPU
		Release|Any CPU = Release|Any CPU
	EndGlobalSection
	GlobalSection(ProjectConfigurationPlatforms) = postSolution
		{1EAB3F9A-C55B-4C3A-B4D5-AF80D6CE2D62}.Debug|Any CPU.ActiveCfg = Debug|Any CPU
		{1EAB3F9A-C55B-4C3A-B4D5-AF80D6CE2D62}.Debug|Any CPU.Build.0 = Debug|Any CPU
		{1EAB3F9A-C55B-4C3A-B4D5-AF80D6CE2D62}.Release|Any CPU.ActiveCfg = Release|Any CPU
		{1EAB3F9A-C55B-4C3A-B4D5-AF80D6CE2D62}.Release|Any CPU.Build.0 = Release|Any CPU
		{29E580CD-E096-41B1-AEAC-DC3342B0739E}.Debug|Any CPU.ActiveCfg = Debug|Any CPU
		{29E580CD-E096-41B1-AEAC-DC3342B0739E}.Debug|Any CPU.Build.0 = Debug|Any CPU
		{29E580CD-E096-41B1-AEAC-DC3342B0739E}.Release|Any CPU.ActiveCfg = Release|Any CPU
		{29E580CD-E096-41B1-AEAC-DC3342B0739E}.Release|Any CPU.Build.0 = Release|Any CPU
		{EF663DE3-4D2A-4FD1-B674-1F0D4331E007}.Debug|Any CPU.ActiveCfg = Debug|Any CPU
		{EF663DE3-4D2A-4FD1-B674-1F0D4331E007}.Debug|Any CPU.Build.0 = Debug|Any CPU
		{EF663DE3-4D2A-4FD1-B674-1F0D4331E007}.Release|Any CPU.ActiveCfg = Release|Any CPU
		{EF663DE3-4D2A-4FD1-B674-1F0D4331E007}.Release|Any CPU.Build.0 = Release|Any CPU
		{7770F319-FA84-4338-AD49-813A1A67CDD7}.Debug|Any CPU.ActiveCfg = Debug|Any CPU
		{7770F319-FA84-4338-AD49-813A1A67CDD7}.Debug|Any CPU.Build.0 = Debug|Any CPU
		{7770F319-FA84-4338-AD49-813A1A67CDD7}.Release|Any CPU.ActiveCfg = Release|Any CPU
		{7770F319-FA84-4338-AD49-813A1A67CDD7}.Release|Any CPU.Build.0 = Release|Any CPU
		{8259BDEB-962C-492D-9C0B-43E5454B4A2E}.Debug|Any CPU.ActiveCfg = Debug|Any CPU
		{8259BDEB-962C-492D-9C0B-43E5454B4A2E}.Debug|Any CPU.Build.0 = Debug|Any CPU
		{8259BDEB-962C-492D-9C0B-43E5454B4A2E}.Release|Any CPU.ActiveCfg = Release|Any CPU
		{8259BDEB-962C-492D-9C0B-43E5454B4A2E}.Release|Any CPU.Build.0 = Release|Any CPU
		{0E3C167C-5325-4D52-938D-91BA8F9C4EF2}.Debug|Any CPU.ActiveCfg = Debug|Any CPU
		{0E3C167C-5325-4D52-938D-91BA8F9C4EF2}.Debug|Any CPU.Build.0 = Debug|Any CPU
		{0E3C167C-5325-4D52-938D-91BA8F9C4EF2}.Release|Any CPU.ActiveCfg = Release|Any CPU
		{0E3C167C-5325-4D52-938D-91BA8F9C4EF2}.Release|Any CPU.Build.0 = Release|Any CPU
		{74C1CE4C-8A40-41A7-A59E-66BBC8C4CB13}.Debug|Any CPU.ActiveCfg = Debug|Any CPU
		{74C1CE4C-8A40-41A7-A59E-66BBC8C4CB13}.Debug|Any CPU.Build.0 = Debug|Any CPU
		{74C1CE4C-8A40-41A7-A59E-66BBC8C4CB13}.Release|Any CPU.ActiveCfg = Release|Any CPU
		{74C1CE4C-8A40-41A7-A59E-66BBC8C4CB13}.Release|Any CPU.Build.0 = Release|Any CPU
		{09D86510-460D-41F5-AC34-D75A3BFC8BD6}.Debug|Any CPU.ActiveCfg = Debug|Any CPU
		{09D86510-460D-41F5-AC34-D75A3BFC8BD6}.Debug|Any CPU.Build.0 = Debug|Any CPU
		{09D86510-460D-41F5-AC34-D75A3BFC8BD6}.Release|Any CPU.ActiveCfg = Release|Any CPU
		{09D86510-460D-41F5-AC34-D75A3BFC8BD6}.Release|Any CPU.Build.0 = Release|Any CPU
		{298371EB-4352-4CF1-A778-E97996B5E022}.Debug|Any CPU.ActiveCfg = Debug|Any CPU
		{298371EB-4352-4CF1-A778-E97996B5E022}.Debug|Any CPU.Build.0 = Debug|Any CPU
		{298371EB-4352-4CF1-A778-E97996B5E022}.Release|Any CPU.ActiveCfg = Release|Any CPU
		{298371EB-4352-4CF1-A778-E97996B5E022}.Release|Any CPU.Build.0 = Release|Any CPU
	EndGlobalSection
	GlobalSection(SolutionProperties) = preSolution
		HideSolutionNode = FALSE
	EndGlobalSection
	GlobalSection(ExtensibilityGlobals) = postSolution
		SolutionGuid = {9C763FB0-5A69-46EE-B7A9-FE5535DDA7D1}
	EndGlobalSection
EndGlobal
